{
    "name": "semantic-release-with-github-actions",
    "version": "0.0.0-development",
    "lockfileVersion": 1,
    "requires": true,
    "dependencies": {
      "@babel/code-frame": {
        "version": "7.8.3",
        "resolved": "https://registry.npmjs.org/@babel/code-frame/-/code-frame-7.8.3.tgz",
        "integrity": "sha512-a9gxpmdXtZEInkCSHUJDLHZVBgb1QS0jhss4cPP93EW7s+uC5bikET2twEF3KV+7rDblJcmNvTR7VJejqd2C2g==",
        "dev": true,
        "requires": {
          "@babel/highlight": "^7.8.3"
        }
      },
      "@babel/core": {
        "version": "7.8.7",
        "resolved": "https://registry.npmjs.org/@babel/core/-/core-7.8.7.tgz",
        "integrity": "sha512-rBlqF3Yko9cynC5CCFy6+K/w2N+Sq/ff2BPy+Krp7rHlABIr5epbA7OxVeKoMHB39LZOp1UY5SuLjy6uWi35yA==",
        "dev": true,
        "requires": {
          "@babel/code-frame": "^7.8.3",
          "@babel/generator": "^7.8.7",
          "@babel/helpers": "^7.8.4",
          "@babel/parser": "^7.8.7",
          "@babel/template": "^7.8.6",
          "@babel/traverse": "^7.8.6",
          "@babel/types": "^7.8.7",
          "convert-source-map": "^1.7.0",
          "debug": "^4.1.0",
          "gensync": "^1.0.0-beta.1",
          "json5": "^2.1.0",
          "lodash": "^4.17.13",
          "resolve": "^1.3.2",
          "semver": "^5.4.1",
          "source-map": "^0.5.0"
        },
        "dependencies": {
          "source-map": {
            "version": "0.5.7",
            "resolved": "https://registry.npmjs.org/source-map/-/source-map-0.5.7.tgz",
            "integrity": "sha1-igOdLRAh0i0eoUyA2OpGi6LvP8w=",
            "dev": true
          }
        }
      },
      "@babel/generator": {
        "version": "7.8.8",
        "resolved": "https://registry.npmjs.org/@babel/generator/-/generator-7.8.8.tgz",
        "integrity": "sha512-HKyUVu69cZoclptr8t8U5b6sx6zoWjh8jiUhnuj3MpZuKT2dJ8zPTuiy31luq32swhI0SpwItCIlU8XW7BZeJg==",
        "dev": true,
        "requires": {
          "@babel/types": "^7.8.7",
          "jsesc": "^2.5.1",
          "lodash": "^4.17.13",
          "source-map": "^0.5.0"
        },
        "dependencies": {
          "source-map": {
            "version": "0.5.7",
            "resolved": "https://registry.npmjs.org/source-map/-/source-map-0.5.7.tgz",
            "integrity": "sha1-igOdLRAh0i0eoUyA2OpGi6LvP8w=",
            "dev": true
          }
        }
      },
      "@babel/helper-function-name": {
        "version": "7.8.3",
        "resolved": "https://registry.npmjs.org/@babel/helper-function-name/-/helper-function-name-7.8.3.tgz",
        "integrity": "sha512-BCxgX1BC2hD/oBlIFUgOCQDOPV8nSINxCwM3o93xP4P9Fq6aV5sgv2cOOITDMtCfQ+3PvHp3l689XZvAM9QyOA==",
        "dev": true,
        "requires": {
          "@babel/helper-get-function-arity": "^7.8.3",
          "@babel/template": "^7.8.3",
          "@babel/types": "^7.8.3"
        }
      },
      "@babel/helper-get-function-arity": {
        "version": "7.8.3",
        "resolved": "https://registry.npmjs.org/@babel/helper-get-function-arity/-/helper-get-function-arity-7.8.3.tgz",
        "integrity": "sha512-FVDR+Gd9iLjUMY1fzE2SR0IuaJToR4RkCDARVfsBBPSP53GEqSFjD8gNyxg246VUyc/ALRxFaAK8rVG7UT7xRA==",
        "dev": true,
        "requires": {
          "@babel/types": "^7.8.3"
        }
      },
      "@babel/helper-plugin-utils": {
        "version": "7.8.3",
        "resolved": "https://registry.npmjs.org/@babel/helper-plugin-utils/-/helper-plugin-utils-7.8.3.tgz",
        "integrity": "sha512-j+fq49Xds2smCUNYmEHF9kGNkhbet6yVIBp4e6oeQpH1RUs/Ir06xUKzDjDkGcaaokPiTNs2JBWHjaE4csUkZQ==",
        "dev": true
      },
      "@babel/helper-split-export-declaration": {
        "version": "7.8.3",
        "resolved": "https://registry.npmjs.org/@babel/helper-split-export-declaration/-/helper-split-export-declaration-7.8.3.tgz",
        "integrity": "sha512-3x3yOeyBhW851hroze7ElzdkeRXQYQbFIb7gLK1WQYsw2GWDay5gAJNw1sWJ0VFP6z5J1whqeXH/WCdCjZv6dA==",
        "dev": true,
        "requires": {
          "@babel/types": "^7.8.3"
        }
      },
      "@babel/helpers": {
        "version": "7.8.4",
        "resolved": "https://registry.npmjs.org/@babel/helpers/-/helpers-7.8.4.tgz",
        "integrity": "sha512-VPbe7wcQ4chu4TDQjimHv/5tj73qz88o12EPkO2ValS2QiQS/1F2SsjyIGNnAD0vF/nZS6Cf9i+vW6HIlnaR8w==",
        "dev": true,
        "requires": {
          "@babel/template": "^7.8.3",
          "@babel/traverse": "^7.8.4",
          "@babel/types": "^7.8.3"
        }
      },
      "@babel/highlight": {
        "version": "7.8.3",
        "resolved": "https://registry.npmjs.org/@babel/highlight/-/highlight-7.8.3.tgz",
        "integrity": "sha512-PX4y5xQUvy0fnEVHrYOarRPXVWafSjTW9T0Hab8gVIawpl2Sj0ORyrygANq+KjcNlSSTw0YCLSNA8OyZ1I4yEg==",
        "dev": true,
        "requires": {
          "chalk": "^2.0.0",
          "esutils": "^2.0.2",
          "js-tokens": "^4.0.0"
        },
        "dependencies": {
          "ansi-styles": {
            "version": "3.2.1",
            "resolved": "https://registry.npmjs.org/ansi-styles/-/ansi-styles-3.2.1.tgz",
            "integrity": "sha512-VT0ZI6kZRdTh8YyJw3SMbYm/u+NqfsAxEpWO0Pf9sq8/e94WxxOpPKx9FR1FlyCtOVDNOQ+8ntlqFxiRc+r5qA==",
            "dev": true,
            "requires": {
              "color-convert": "^1.9.0"
            }
          },
          "chalk": {
            "version": "2.4.2",
            "resolved": "https://registry.npmjs.org/chalk/-/chalk-2.4.2.tgz",
            "integrity": "sha512-Mti+f9lpJNcwF4tWV8/OrTTtF1gZi+f8FqlyAdouralcFWFQWF2+NgCHShjkCb+IFBLq9buZwE1xckQU4peSuQ==",
            "dev": true,
            "requires": {
              "ansi-styles": "^3.2.1",
              "escape-string-regexp": "^1.0.5",
              "supports-color": "^5.3.0"
            }
          },
          "color-convert": {
            "version": "1.9.3",
            "resolved": "https://registry.npmjs.org/color-convert/-/color-convert-1.9.3.tgz",
            "integrity": "sha512-QfAUtd+vFdAtFQcC8CCyYt1fYWxSqAiK2cSD6zDB8N3cpsEBAvRxp9zOGg6G/SHHJYAT88/az/IuDGALsNVbGg==",
            "dev": true,
            "requires": {
              "color-name": "1.1.3"
            }
          },
          "color-name": {
            "version": "1.1.3",
            "resolved": "https://registry.npmjs.org/color-name/-/color-name-1.1.3.tgz",
            "integrity": "sha1-p9BVi9icQveV3UIyj3QIMcpTvCU=",
            "dev": true
          },
          "has-flag": {
            "version": "3.0.0",
            "resolved": "https://registry.npmjs.org/has-flag/-/has-flag-3.0.0.tgz",
            "integrity": "sha1-tdRU3CGZriJWmfNGfloH87lVuv0=",
            "dev": true
          },
          "supports-color": {
            "version": "5.5.0",
            "resolved": "https://registry.npmjs.org/supports-color/-/supports-color-5.5.0.tgz",
            "integrity": "sha512-QjVjwdXIt408MIiAqCX4oUKsgU2EqAGzs2Ppkm4aQYbjm+ZEWEcW4SfFNTr4uMNZma0ey4f5lgLrkB0aX0QMow==",
            "dev": true,
            "requires": {
              "has-flag": "^3.0.0"
            }
          }
        }
      },
      "@babel/parser": {
        "version": "7.8.8",
        "resolved": "https://registry.npmjs.org/@babel/parser/-/parser-7.8.8.tgz",
        "integrity": "sha512-mO5GWzBPsPf6865iIbzNE0AvkKF3NE+2S3eRUpE+FE07BOAkXh6G+GW/Pj01hhXjve1WScbaIO4UlY1JKeqCcA==",
        "dev": true
      },
      "@babel/plugin-syntax-bigint": {
        "version": "7.8.3",
        "resolved": "https://registry.npmjs.org/@babel/plugin-syntax-bigint/-/plugin-syntax-bigint-7.8.3.tgz",
        "integrity": "sha512-wnTnFlG+YxQm3vDxpGE57Pj0srRU4sHE/mDkt1qv2YJJSeUAec2ma4WLUnUPeKjyrfntVwe/N6dCXpU+zL3Npg==",
        "dev": true,
        "requires": {
          "@babel/helper-plugin-utils": "^7.8.0"
        }
      },
      "@babel/plugin-syntax-object-rest-spread": {
        "version": "7.8.3",
        "resolved": "https://registry.npmjs.org/@babel/plugin-syntax-object-rest-spread/-/plugin-syntax-object-rest-spread-7.8.3.tgz",
        "integrity": "sha512-XoqMijGZb9y3y2XskN+P1wUGiVwWZ5JmoDRwx5+3GmEplNyVM2s2Dg8ILFQm8rWM48orGy5YpI5Bl8U1y7ydlA==",
        "dev": true,
        "requires": {
          "@babel/helper-plugin-utils": "^7.8.0"
        }
      },
      "@babel/runtime": {
        "version": "7.8.7",
        "resolved": "https://registry.npmjs.org/@babel/runtime/-/runtime-7.8.7.tgz",
        "integrity": "sha512-+AATMUFppJDw6aiR5NVPHqIQBlV/Pj8wY/EZH+lmvRdUo9xBaz/rF3alAwFJQavvKfeOlPE7oaaDHVbcySbCsg==",
        "dev": true,
        "requires": {
          "regenerator-runtime": "^0.13.4"
        }
      },
      "@babel/template": {
        "version": "7.8.6",
        "resolved": "https://registry.npmjs.org/@babel/template/-/template-7.8.6.tgz",
        "integrity": "sha512-zbMsPMy/v0PWFZEhQJ66bqjhH+z0JgMoBWuikXybgG3Gkd/3t5oQ1Rw2WQhnSrsOmsKXnZOx15tkC4qON/+JPg==",
        "dev": true,
        "requires": {
          "@babel/code-frame": "^7.8.3",
          "@babel/parser": "^7.8.6",
          "@babel/types": "^7.8.6"
        }
      },
      "@babel/traverse": {
        "version": "7.8.6",
        "resolved": "https://registry.npmjs.org/@babel/traverse/-/traverse-7.8.6.tgz",
        "integrity": "sha512-2B8l0db/DPi8iinITKuo7cbPznLCEk0kCxDoB9/N6gGNg/gxOXiR/IcymAFPiBwk5w6TtQ27w4wpElgp9btR9A==",
        "dev": true,
        "requires": {
          "@babel/code-frame": "^7.8.3",
          "@babel/generator": "^7.8.6",
          "@babel/helper-function-name": "^7.8.3",
          "@babel/helper-split-export-declaration": "^7.8.3",
          "@babel/parser": "^7.8.6",
          "@babel/types": "^7.8.6",
          "debug": "^4.1.0",
          "globals": "^11.1.0",
          "lodash": "^4.17.13"
        }
      },
"@semantic-release/commit-analyzer": {
    "version": "8.0.1",
    "resolved": "https://registry.npmjs.org/@semantic-release/commit-analyzer/-/commit-analyzer-8.0.1.tgz",
    "integrity": "sha512-5bJma/oB7B4MtwUkZC2Bf7O1MHfi4gWe4mA+MIQ3lsEV0b422Bvl1z5HRpplDnMLHH3EXMoRdEng6Ds5wUqA3A==",
    "dev": true,
    "requires": {
      "conventional-changelog-angular": "^5.0.0",
      "conventional-commits-filter": "^2.0.0",
      "conventional-commits-parser": "^3.0.7",
      "debug": "^4.0.0",
      "import-from": "^3.0.0",
      "lodash": "^4.17.4",
      "micromatch": "^4.0.2"
    }
  },
  "@semantic-release/error": {
    "version": "2.2.0",
    "resolved": "https://registry.npmjs.org/@semantic-release/error/-/error-2.2.0.tgz",
    "integrity": "sha512-9Tj/qn+y2j+sjCI3Jd+qseGtHjOAeg7dU2/lVcqIQ9TV3QDaDXDYXcoOHU+7o2Hwh8L8ymL4gfuO7KxDs3q2zg==",
    "dev": true
  },
  "@semantic-release/github": {
    "version": "7.0.5",
    "resolved": "https://registry.npmjs.org/@semantic-release/github/-/github-7.0.5.tgz",
    "integrity": "sha512-1nJCMeomspRIXKiFO3VXtkUMbIBEreYLFNBdWoLjvlUNcEK0/pEbupEZJA3XHfJuSzv43u3OLpPhF/JBrMuv+A==",
    "dev": true,
    "requires": {
      "@octokit/rest": "^17.0.0",
      "@semantic-release/error": "^2.2.0",
      "aggregate-error": "^3.0.0",
      "bottleneck": "^2.18.1",
      "debug": "^4.0.0",
      "dir-glob": "^3.0.0",
      "fs-extra": "^9.0.0",
      "globby": "^11.0.0",
      "http-proxy-agent": "^4.0.0",
      "https-proxy-agent": "^5.0.0",
      "issue-parser": "^6.0.0",
      "lodash": "^4.17.4",
      "mime": "^2.4.3",
      "p-filter": "^2.0.0",
      "p-retry": "^4.0.0",
      "url-join": "^4.0.0"
    }
  },
  "@semantic-release/npm": {
    "version": "7.0.5",
    "resolved": "https://registry.npmjs.org/@semantic-release/npm/-/npm-7.0.5.tgz",
    "integrity": "sha512-D+oEmsx9aHE1q806NFQwSC9KdBO8ri/VO99eEz0wWbX2jyLqVyWr7t0IjKC8aSnkkQswg/4KN/ZjfF6iz1XOpw==",
    "dev": true,
    "requires": {
      "@semantic-release/error": "^2.2.0",
      "aggregate-error": "^3.0.0",
      "execa": "^4.0.0",
      "fs-extra": "^9.0.0",
      "lodash": "^4.17.15",
      "nerf-dart": "^1.0.0",
      "normalize-url": "^5.0.0",
      "npm": "^6.10.3",
      "rc": "^1.2.8",
      "read-pkg": "^5.0.0",
      "registry-auth-token": "^4.0.0",
      "semver": "^7.1.2",
      "tempy": "^0.5.0"
    },
    "dependencies": {
      "cross-spawn": {
        "version": "7.0.1",
        "resolved": "https://registry.npmjs.org/cross-spawn/-/cross-spawn-7.0.1.tgz",
        "integrity": "sha512-u7v4o84SwFpD32Z8IIcPZ6z1/ie24O6RU3RbtL5Y316l3KuHVPx9ItBgWQ6VlfAFnRnTtMUrsQ9MUUTuEZjogg==",
        "dev": true,
        "requires": {
          "path-key": "^3.1.0",
          "shebang-command": "^2.0.0",
          "which": "^2.0.1"
        }
      },
      "execa": {
        "version": "4.0.0",
        "resolved": "https://registry.npmjs.org/execa/-/execa-4.0.0.tgz",
        "integrity": "sha512-JbDUxwV3BoT5ZVXQrSVbAiaXhXUkIwvbhPIwZ0N13kX+5yCzOhUNdocxB/UQRuYOHRYYwAxKYwJYc0T4D12pDA==",
        "dev": true,
        "requires": {
          "cross-spawn": "^7.0.0",
          "get-stream": "^5.0.0",
          "human-signals": "^1.1.1",
          "is-stream": "^2.0.0",
          "merge-stream": "^2.0.0",
          "npm-run-path": "^4.0.0",
          "onetime": "^5.1.0",
          "signal-exit": "^3.0.2",
          "strip-final-newline": "^2.0.0"
        }
      },
      "get-stream": {
        "version": "5.1.0",
        "resolved": "https://registry.npmjs.org/get-stream/-/get-stream-5.1.0.tgz",
        "integrity": "sha512-EXr1FOzrzTfGeL0gQdeFEvOMm2mzMOglyiOXSTpPC+iAjAKftbr3jpCMWynogwYnM+eSj9sHGc6wjIcDvYiygw==",
        "dev": true,
        "requires": {
          "pump": "^3.0.0"
        }
      },
      "is-stream": {
        "version": "2.0.0",
        "resolved": "https://registry.npmjs.org/is-stream/-/is-stream-2.0.0.tgz",
        "integrity": "sha512-XCoy+WlUr7d1+Z8GgSuXmpuUFC9fOhRXglJMx+dwLKTkL44Cjd4W1Z5P+BQZpr+cR93aGP4S/s7Ftw6Nd/kiEw==",
        "dev": true
      },
      "npm-run-path": {
        "version": "4.0.1",
        "resolved": "https://registry.npmjs.org/npm-run-path/-/npm-run-path-4.0.1.tgz",
        "integrity": "sha512-S48WzZW777zhNIrn7gxOlISNAqi9ZC/uQFnRdbeIHhZhCA6UqpkOT8T1G7BvfdgP4Er8gF4sUbaS0i7QvIfCWw==",
        "dev": true,
        "requires": {
          "path-key": "^3.0.0"
        }
      },
      "parse-json": {
        "version": "5.0.0",
        "resolved": "https://registry.npmjs.org/parse-json/-/parse-json-5.0.0.tgz",
        "integrity": "sha512-OOY5b7PAEFV0E2Fir1KOkxchnZNCdowAJgQ5NuxjpBKTRP3pQhwkrkxqQjeoKJ+fO7bCpmIZaogI4eZGDMEGOw==",
        "dev": true,
        "requires": {
          "@babel/code-frame": "^7.0.0",
          "error-ex": "^1.3.1",
          "json-parse-better-errors": "^1.0.1",
          "lines-and-columns": "^1.1.6"
        }
      },
      "path-key": {
        "version": "3.1.1",
        "resolved": "https://registry.npmjs.org/path-key/-/path-key-3.1.1.tgz",
        "integrity": "sha512-ojmeN0qd+y0jszEtoY48r0Peq5dwMEkIlCOu6Q5f41lfkswXuKtYrhgoTpLnyIcHm24Uhqx+5Tqm2InSwLhE6Q==",
        "dev": true
      },
      "read-pkg": {
        "version": "5.2.0",
        "resolved": "https://registry.npmjs.org/read-pkg/-/read-pkg-5.2.0.tgz",
        "integrity": "sha512-Ug69mNOpfvKDAc2Q8DRpMjjzdtrnv9HcSMX+4VsZxD1aZ6ZzrIE7rlzXBtWTyhULSMKg076AW6WR5iZpD0JiOg==",
        "dev": true,
        "requires": {
          "@types/normalize-package-data": "^2.4.0",
          "normalize-package-data": "^2.5.0",
          "parse-json": "^5.0.0",
          "type-fest": "^0.6.0"
        }
      },
      "semver": {
        "version": "7.1.3",
        "resolved": "https://registry.npmjs.org/semver/-/semver-7.1.3.tgz",
        "integrity": "sha512-ekM0zfiA9SCBlsKa2X1hxyxiI4L3B6EbVJkkdgQXnSEEaHlGdvyodMruTiulSRWMMB4NeIuYNMC9rTKTz97GxA==",
        "dev": true
      },
      "shebang-command": {
        "version": "2.0.0",
        "resolved": "https://registry.npmjs.org/shebang-command/-/shebang-command-2.0.0.tgz",
        "integrity": "sha512-kHxr2zZpYtdmrN1qDjrrX/Z1rR1kG8Dx+gkpK1G4eXmvXswmcE1hTWBWYUzlraYw1/yZp6YuDY77YtvbN0dmDA==",
        "dev": true,
        "requires": {
          "shebang-regex": "^3.0.0"
        }
      },
      "shebang-regex": {
        "version": "3.0.0",
        "resolved": "https://registry.npmjs.org/shebang-regex/-/shebang-regex-3.0.0.tgz",
        "integrity": "sha512-7++dFhtcx3353uBaq8DDR4NuxBetBzC7ZQOhmTQInHEd6bSrXdiEyzCvG07Z44UYdLShWUyXt5M/yhz8ekcb1A==",
        "dev": true
      },
      "type-fest": {
        "version": "0.6.0",
        "resolved": "https://registry.npmjs.org/type-fest/-/type-fest-0.6.0.tgz",
        "integrity": "sha512-q+MB8nYR1KDLrgr4G5yemftpMC7/QLqVndBmEEdqzmNj5dcFOO4Oo8qlwZE3ULT3+Zim1F8Kq4cBnikNhlCMlg==",
        "dev": true
      },
      "which": {
        "version": "2.0.2",
        "resolved": "https://registry.npmjs.org/which/-/which-2.0.2.tgz",
        "integrity": "sha512-BLI3Tl1TW3Pvl70l3yq3Y64i+awpwXqsGBYWkkqMtnbXgrMD+yj7rhW0kuEDxzJaYXGjEW5ogapKNMEKNMjibA==",
        "dev": true,
        "requires": {
          "isexe": "^2.0.0"
        }
      }
    }
  },
  "@semantic-release/release-notes-generator": {
    "version": "9.0.1",
    "resolved": "https://registry.npmjs.org/@semantic-release/release-notes-generator/-/release-notes-generator-9.0.1.tgz",
    "integrity": "sha512-bOoTiH6SiiR0x2uywSNR7uZcRDl22IpZhj+Q5Bn0v+98MFtOMhCxFhbrKQjhbYoZw7vps1mvMRmFkp/g6R9cvQ==",
    "dev": true,
    "requires": {
      "conventional-changelog-angular": "^5.0.0",
      "conventional-changelog-writer": "^4.0.0",
      "conventional-commits-filter": "^2.0.0",
      "conventional-commits-parser": "^3.0.0",
      "debug": "^4.0.0",
      "get-stream": "^5.0.0",
      "import-from": "^3.0.0",
      "into-stream": "^5.0.0",
      "lodash": "^4.17.4",
      "read-pkg-up": "^7.0.0"
    },
    "dependencies": {
      "get-stream": {
        "version": "5.1.0",
        "resolved": "https://registry.npmjs.org/get-stream/-/get-stream-5.1.0.tgz",
        "integrity": "sha512-EXr1FOzrzTfGeL0gQdeFEvOMm2mzMOglyiOXSTpPC+iAjAKftbr3jpCMWynogwYnM+eSj9sHGc6wjIcDvYiygw==",
        "dev": true,
        "requires": {
          "pump": "^3.0.0"
        }
      }
    }
  }
}
}
